
Microsoft Visual Studio Solution File, Format Version 12.00
# Visual Studio Version 17
VisualStudioVersion = 17.5.002.0
MinimumVisualStudioVersion = 10.0.40219.1
Project("{2150E333-8FDC-42A3-9474-1A3956D46DE8}") = "sandbox", "sandbox", "{C731BE9B-E92A-4996-A41F-1D3BE008BE93}"
EndProject
Project("{9A19103F-16F7-4668-BE54-9A1E7A4F7556}") = "sandbox_project", "sandbox\sandbox_project\sandbox_project.csproj", "{50425833-3C86-4895-B84F-5EF337847941}"
EndProject
Project("{2150E333-8FDC-42A3-9474-1A3956D46DE8}") = "week01", "week01", "{BDD67608-16E0-4609-8764-A3F35BC342DE}"
EndProject
Project("{9A19103F-16F7-4668-BE54-9A1E7A4F7556}") = "analyze", "week01\analyze\analyze.csproj", "{831F5D71-5C37-4E1D-9C8A-065CEEA11BB5}"
EndProject
Project("{9A19103F-16F7-4668-BE54-9A1E7A4F7556}") = "code", "week01\code\code.csproj", "{67C5C22A-4A4C-4DD8-BD39-CA5ABF0F02EA}"
EndProject
Project("{9A19103F-16F7-4668-BE54-9A1E7A4F7556}") = "teach", "week01\teach\teach.csproj", "{B607C302-87FA-4177-88D6-25DDC7FE1099}"
EndProject
Project("{2150E333-8FDC-42A3-9474-1A3956D46DE8}") = "week02", "week02", "{A2317258-F28D-40B9-BCEA-9104C831E4D1}"
EndProject
Project("{9A19103F-16F7-4668-BE54-9A1E7A4F7556}") = "analyze", "week02\analyze\analyze.csproj", "{9140A030-74EB-41D3-A991-29125F859112}"
EndProject
Project("{9A19103F-16F7-4668-BE54-9A1E7A4F7556}") = "code", "week02\code\code.csproj", "{E94439A9-1CFC-4846-A95A-27A481BCBA56}"
EndProject
Project("{9A19103F-16F7-4668-BE54-9A1E7A4F7556}") = "learn", "week02\learn\learn.csproj", "{B71D675A-6FA8-49A9-A822-F491525F2610}"
EndProject
Project("{9A19103F-16F7-4668-BE54-9A1E7A4F7556}") = "teach", "week02\teach\teach.csproj", "{13B2B864-3BF4-4560-8171-5FA7B6B3E1ED}"
EndProject
Project("{2150E333-8FDC-42A3-9474-1A3956D46DE8}") = "week03", "week03", "{F0C0312B-1B44-4F77-B478-DDAEF90968FF}"
EndProject
Project("{9A19103F-16F7-4668-BE54-9A1E7A4F7556}") = "code", "week03\code\code.csproj", "{36C49F77-ADE3-4DD6-A285-F349FD8CF621}"
EndProject
Project("{9A19103F-16F7-4668-BE54-9A1E7A4F7556}") = "learn", "week03\learn\learn.csproj", "{0811FFD1-C48B-43E5-BE1E-CDCC5D7097C7}"
EndProject
Project("{9A19103F-16F7-4668-BE54-9A1E7A4F7556}") = "teach", "week03\teach\teach.csproj", "{038CF788-2282-4532-9012-007241097203}"
EndProject
Project("{2150E333-8FDC-42A3-9474-1A3956D46DE8}") = "week04", "week04", "{72192C01-168E-4BC4-95E3-D7A01662CF73}"
EndProject
Project("{9A19103F-16F7-4668-BE54-9A1E7A4F7556}") = "code", "week04\code\code.csproj", "{3AE7C9E0-D777-4D55-9510-E9B01C6C7C7A}"
EndProject
Project("{2150E333-8FDC-42A3-9474-1A3956D46DE8}") = "week05", "week05", "{61FAC497-6649-426C-856F-9890AC0BC53D}"
EndProject
Project("{9A19103F-16F7-4668-BE54-9A1E7A4F7556}") = "code", "week05\code\code.csproj", "{2D8C9420-C7E1-4F94-A8ED-298B2BF41E10}"
EndProject
Project("{2150E333-8FDC-42A3-9474-1A3956D46DE8}") = "week06", "week06", "{600975B0-37CD-4557-B29C-863210412841}"
EndProject
Project("{9A19103F-16F7-4668-BE54-9A1E7A4F7556}") = "code", "week06\code\code.csproj", "{8E6FE5B0-CE09-42ED-A3E6-EFDE8C269F2F}"
EndProject
Global
	GlobalSection(SolutionConfigurationPlatforms) = preSolution
		Debug|Any CPU = Debug|Any CPU
		Release|Any CPU = Release|Any CPU
	EndGlobalSection
	GlobalSection(ProjectConfigurationPlatforms) = postSolution
		{50425833-3C86-4895-B84F-5EF337847941}.Debug|Any CPU.ActiveCfg = Debug|Any CPU
		{50425833-3C86-4895-B84F-5EF337847941}.Debug|Any CPU.Build.0 = Debug|Any CPU
		{50425833-3C86-4895-B84F-5EF337847941}.Release|Any CPU.ActiveCfg = Release|Any CPU
		{50425833-3C86-4895-B84F-5EF337847941}.Release|Any CPU.Build.0 = Release|Any CPU
		{831F5D71-5C37-4E1D-9C8A-065CEEA11BB5}.Debug|Any CPU.ActiveCfg = Debug|Any CPU
		{831F5D71-5C37-4E1D-9C8A-065CEEA11BB5}.Debug|Any CPU.Build.0 = Debug|Any CPU
		{831F5D71-5C37-4E1D-9C8A-065CEEA11BB5}.Release|Any CPU.ActiveCfg = Release|Any CPU
		{831F5D71-5C37-4E1D-9C8A-065CEEA11BB5}.Release|Any CPU.Build.0 = Release|Any CPU
		{67C5C22A-4A4C-4DD8-BD39-CA5ABF0F02EA}.Debug|Any CPU.ActiveCfg = Debug|Any CPU
		{67C5C22A-4A4C-4DD8-BD39-CA5ABF0F02EA}.Debug|Any CPU.Build.0 = Debug|Any CPU
		{67C5C22A-4A4C-4DD8-BD39-CA5ABF0F02EA}.Release|Any CPU.ActiveCfg = Release|Any CPU
		{67C5C22A-4A4C-4DD8-BD39-CA5ABF0F02EA}.Release|Any CPU.Build.0 = Release|Any CPU
		{B607C302-87FA-4177-88D6-25DDC7FE1099}.Debug|Any CPU.ActiveCfg = Debug|Any CPU
		{B607C302-87FA-4177-88D6-25DDC7FE1099}.Debug|Any CPU.Build.0 = Debug|Any CPU
		{B607C302-87FA-4177-88D6-25DDC7FE1099}.Release|Any CPU.ActiveCfg = Release|Any CPU
		{B607C302-87FA-4177-88D6-25DDC7FE1099}.Release|Any CPU.Build.0 = Release|Any CPU
		{9140A030-74EB-41D3-A991-29125F859112}.Debug|Any CPU.ActiveCfg = Debug|Any CPU
		{9140A030-74EB-41D3-A991-29125F859112}.Debug|Any CPU.Build.0 = Debug|Any CPU
		{9140A030-74EB-41D3-A991-29125F859112}.Release|Any CPU.ActiveCfg = Release|Any CPU
		{9140A030-74EB-41D3-A991-29125F859112}.Release|Any CPU.Build.0 = Release|Any CPU
		{E94439A9-1CFC-4846-A95A-27A481BCBA56}.Debug|Any CPU.ActiveCfg = Debug|Any CPU
		{E94439A9-1CFC-4846-A95A-27A481BCBA56}.Debug|Any CPU.Build.0 = Debug|Any CPU
		{E94439A9-1CFC-4846-A95A-27A481BCBA56}.Release|Any CPU.ActiveCfg = Release|Any CPU
		{E94439A9-1CFC-4846-A95A-27A481BCBA56}.Release|Any CPU.Build.0 = Release|Any CPU
		{B71D675A-6FA8-49A9-A822-F491525F2610}.Debug|Any CPU.ActiveCfg = Debug|Any CPU
		{B71D675A-6FA8-49A9-A822-F491525F2610}.Debug|Any CPU.Build.0 = Debug|Any CPU
		{B71D675A-6FA8-49A9-A822-F491525F2610}.Release|Any CPU.ActiveCfg = Release|Any CPU
		{B71D675A-6FA8-49A9-A822-F491525F2610}.Release|Any CPU.Build.0 = Release|Any CPU
		{13B2B864-3BF4-4560-8171-5FA7B6B3E1ED}.Debug|Any CPU.ActiveCfg = Debug|Any CPU
		{13B2B864-3BF4-4560-8171-5FA7B6B3E1ED}.Debug|Any CPU.Build.0 = Debug|Any CPU
		{13B2B864-3BF4-4560-8171-5FA7B6B3E1ED}.Release|Any CPU.ActiveCfg = Release|Any CPU
		{13B2B864-3BF4-4560-8171-5FA7B6B3E1ED}.Release|Any CPU.Build.0 = Release|Any CPU
		{36C49F77-ADE3-4DD6-A285-F349FD8CF621}.Debug|Any CPU.ActiveCfg = Debug|Any CPU
		{36C49F77-ADE3-4DD6-A285-F349FD8CF621}.Debug|Any CPU.Build.0 = Debug|Any CPU
		{36C49F77-ADE3-4DD6-A285-F349FD8CF621}.Release|Any CPU.ActiveCfg = Release|Any CPU
		{36C49F77-ADE3-4DD6-A285-F349FD8CF621}.Release|Any CPU.Build.0 = Release|Any CPU
		{0811FFD1-C48B-43E5-BE1E-CDCC5D7097C7}.Debug|Any CPU.ActiveCfg = Debug|Any CPU
		{0811FFD1-C48B-43E5-BE1E-CDCC5D7097C7}.Debug|Any CPU.Build.0 = Debug|Any CPU
		{0811FFD1-C48B-43E5-BE1E-CDCC5D7097C7}.Release|Any CPU.ActiveCfg = Release|Any CPU
		{0811FFD1-C48B-43E5-BE1E-CDCC5D7097C7}.Release|Any CPU.Build.0 = Release|Any CPU
		{038CF788-2282-4532-9012-007241097203}.Debug|Any CPU.ActiveCfg = Debug|Any CPU
		{038CF788-2282-4532-9012-007241097203}.Debug|Any CPU.Build.0 = Debug|Any CPU
		{038CF788-2282-4532-9012-007241097203}.Release|Any CPU.ActiveCfg = Release|Any CPU
		{038CF788-2282-4532-9012-007241097203}.Release|Any CPU.Build.0 = Release|Any CPU
		{3AE7C9E0-D777-4D55-9510-E9B01C6C7C7A}.Debug|Any CPU.ActiveCfg = Debug|Any CPU
		{3AE7C9E0-D777-4D55-9510-E9B01C6C7C7A}.Debug|Any CPU.Build.0 = Debug|Any CPU
		{3AE7C9E0-D777-4D55-9510-E9B01C6C7C7A}.Release|Any CPU.ActiveCfg = Release|Any CPU
		{3AE7C9E0-D777-4D55-9510-E9B01C6C7C7A}.Release|Any CPU.Build.0 = Release|Any CPU
		{2D8C9420-C7E1-4F94-A8ED-298B2BF41E10}.Debug|Any CPU.ActiveCfg = Debug|Any CPU
		{2D8C9420-C7E1-4F94-A8ED-298B2BF41E10}.Debug|Any CPU.Build.0 = Debug|Any CPU
		{2D8C9420-C7E1-4F94-A8ED-298B2BF41E10}.Release|Any CPU.ActiveCfg = Release|Any CPU
		{2D8C9420-C7E1-4F94-A8ED-298B2BF41E10}.Release|Any CPU.Build.0 = Release|Any CPU
		{8E6FE5B0-CE09-42ED-A3E6-EFDE8C269F2F}.Debug|Any CPU.ActiveCfg = Debug|Any CPU
		{8E6FE5B0-CE09-42ED-A3E6-EFDE8C269F2F}.Debug|Any CPU.Build.0 = Debug|Any CPU
		{8E6FE5B0-CE09-42ED-A3E6-EFDE8C269F2F}.Release|Any CPU.ActiveCfg = Release|Any CPU
		{8E6FE5B0-CE09-42ED-A3E6-EFDE8C269F2F}.Release|Any CPU.Build.0 = Release|Any CPU
	EndGlobalSection
	GlobalSection(SolutionProperties) = preSolution
		HideSolutionNode = FALSE
	EndGlobalSection
	GlobalSection(NestedProjects) = preSolution
		{50425833-3C86-4895-B84F-5EF337847941} = {C731BE9B-E92A-4996-A41F-1D3BE008BE93}
		{831F5D71-5C37-4E1D-9C8A-065CEEA11BB5} = {BDD67608-16E0-4609-8764-A3F35BC342DE}
		{67C5C22A-4A4C-4DD8-BD39-CA5ABF0F02EA} = {BDD67608-16E0-4609-8764-A3F35BC342DE}
		{B607C302-87FA-4177-88D6-25DDC7FE1099} = {BDD67608-16E0-4609-8764-A3F35BC342DE}
		{9140A030-74EB-41D3-A991-29125F859112} = {A2317258-F28D-40B9-BCEA-9104C831E4D1}
		{E94439A9-1CFC-4846-A95A-27A481BCBA56} = {A2317258-F28D-40B9-BCEA-9104C831E4D1}
		{B71D675A-6FA8-49A9-A822-F491525F2610} = {A2317258-F28D-40B9-BCEA-9104C831E4D1}
		{13B2B864-3BF4-4560-8171-5FA7B6B3E1ED} = {A2317258-F28D-40B9-BCEA-9104C831E4D1}
		{36C49F77-ADE3-4DD6-A285-F349FD8CF621} = {F0C0312B-1B44-4F77-B478-DDAEF90968FF}
		{0811FFD1-C48B-43E5-BE1E-CDCC5D7097C7} = {F0C0312B-1B44-4F77-B478-DDAEF90968FF}
		{038CF788-2282-4532-9012-007241097203} = {F0C0312B-1B44-4F77-B478-DDAEF90968FF}
		{3AE7C9E0-D777-4D55-9510-E9B01C6C7C7A} = {72192C01-168E-4BC4-95E3-D7A01662CF73}
		{2D8C9420-C7E1-4F94-A8ED-298B2BF41E10} = {61FAC497-6649-426C-856F-9890AC0BC53D}
		{8E6FE5B0-CE09-42ED-A3E6-EFDE8C269F2F} = {600975B0-37CD-4557-B29C-863210412841}
	EndGlobalSection
	GlobalSection(ExtensibilityGlobals) = postSolution
		SolutionGuid = {70F77809-B631-4064-AFC0-BD6812908CDB}
	EndGlobalSection
EndGlobal
